
Microsoft Visual Studio Solution File, Format Version 12.00
# Visual Studio Version 17
VisualStudioVersion = 17.2.32602.215
MinimumVisualStudioVersion = 10.0.40219.1
Project("{FAE04EC0-301F-11D3-BF4B-00C04F79EFBC}") = "FamilyTree", "FamilyTree\FamilyTree.csproj", "{075C8FF5-DB31-47E8-B920-FA6687F18A75}"
EndProject
Global
	GlobalSection(SolutionConfigurationPlatforms) = preSolution
		Debug|Any CPU = Debug|Any CPU
		Release|Any CPU = Release|Any CPU
	EndGlobalSection
	GlobalSection(ProjectConfigurationPlatforms) = postSolution
		{075C8FF5-DB31-47E8-B920-FA6687F18A75}.Debug|Any CPU.ActiveCfg = Debug|Any CPU
		{075C8FF5-DB31-47E8-B920-FA6687F18A75}.Debug|Any CPU.Build.0 = Debug|Any CPU
		{075C8FF5-DB31-47E8-B920-FA6687F18A75}.Release|Any CPU.ActiveCfg = Release|Any CPU
		{075C8FF5-DB31-47E8-B920-FA6687F18A75}.Release|Any CPU.Build.0 = Release|Any CPU
	EndGlobalSection
	GlobalSection(SolutionProperties) = preSolution
		HideSolutionNode = FALSE
	EndGlobalSection
	GlobalSection(ExtensibilityGlobals) = postSolution
		SolutionGuid = {4BF53E70-882D-405B-9F64-C586A2B0B15D}
	EndGlobalSection
EndGlobal
